{
  "name": "music",
  "version": "1.0.0",
  "lockfileVersion": 2,
  "requires": true,
  "packages": {
    "": {
      "name": "music",
      "version": "1.0.0",
      "license": "ISC",
      "dependencies": {
        "@vant/weapp": "^1.10.1"
      }
    },
    "node_modules/@vant/weapp": {
      "version": "1.10.1",
      "resolved": "https://registry.npmjs.org/@vant/weapp/-/weapp-1.10.1.tgz",
      "integrity": "sha512-IdD57pOfhqtzL1LiNLVpCTmSClSX1YyBSy2yLk81KZTjjqFePPNZriSxmx2vdns+S/JpwsQFQ1PprdxD2+Rd9w=="
    }
  },
  "dependencies": {
    "@vant/weapp": {
      "version": "1.10.1",
      "resolved": "https://registry.npmjs.org/@vant/weapp/-/weapp-1.10.1.tgz",
      "integrity": "sha512-IdD57pOfhqtzL1LiNLVpCTmSClSX1YyBSy2yLk81KZTjjqFePPNZriSxmx2vdns+S/JpwsQFQ1PprdxD2+Rd9w=="
    }
  }
}
